
Microsoft Visual Studio Solution File, Format Version 12.00
# Visual Studio Version 16
VisualStudioVersion = 16.0.31911.196
MinimumVisualStudioVersion = 10.0.40219.1
Project("{9A19103F-16F7-4668-BE54-9A1E7A4F7556}") = "StoreBox", "StoreBox\StoreBox.csproj", "{72A67B70-8C93-41E5-9AEA-0AD2DCBA9BB0}"
EndProject
Project("{FAE04EC0-301F-11D3-BF4B-00C04F79EFBC}") = "StoreBoxTests", "StoreBoxTests\StoreBoxTests.csproj", "{D66B8D84-E445-4B7A-8943-A280C0E6BB7B}"
EndProject
Global
	GlobalSection(SolutionConfigurationPlatforms) = preSolution
		Debug|Any CPU = Debug|Any CPU
		Release|Any CPU = Release|Any CPU
	EndGlobalSection
	GlobalSection(ProjectConfigurationPlatforms) = postSolution
		{72A67B70-8C93-41E5-9AEA-0AD2DCBA9BB0}.Debug|Any CPU.ActiveCfg = Debug|Any CPU
		{72A67B70-8C93-41E5-9AEA-0AD2DCBA9BB0}.Debug|Any CPU.Build.0 = Debug|Any CPU
		{72A67B70-8C93-41E5-9AEA-0AD2DCBA9BB0}.Release|Any CPU.ActiveCfg = Release|Any CPU
		{72A67B70-8C93-41E5-9AEA-0AD2DCBA9BB0}.Release|Any CPU.Build.0 = Release|Any CPU
		{D66B8D84-E445-4B7A-8943-A280C0E6BB7B}.Debug|Any CPU.ActiveCfg = Debug|Any CPU
		{D66B8D84-E445-4B7A-8943-A280C0E6BB7B}.Debug|Any CPU.Build.0 = Debug|Any CPU
		{D66B8D84-E445-4B7A-8943-A280C0E6BB7B}.Release|Any CPU.ActiveCfg = Release|Any CPU
		{D66B8D84-E445-4B7A-8943-A280C0E6BB7B}.Release|Any CPU.Build.0 = Release|Any CPU
	EndGlobalSection
	GlobalSection(SolutionProperties) = preSolution
		HideSolutionNode = FALSE
	EndGlobalSection
	GlobalSection(ExtensibilityGlobals) = postSolution
		SolutionGuid = {2F8524F2-4DC8-4995-8734-19288AE7B2FF}
	EndGlobalSection
EndGlobal
