
Microsoft Visual Studio Solution File, Format Version 12.00
# Visual Studio Version 17
VisualStudioVersion = 17.2.32526.322
MinimumVisualStudioVersion = 10.0.40219.1
Project("{9A19103F-16F7-4668-BE54-9A1E7A4F7556}") = "StoreBox", "StoreBox\StoreBox.csproj", "{72A67B70-8C93-41E5-9AEA-0AD2DCBA9BB0}"
EndProject
Project("{9A19103F-16F7-4668-BE54-9A1E7A4F7556}") = "StoreBoxTests", "StoreBoxTests\StoreBoxTests.csproj", "{D66B8D84-E445-4B7A-8943-A280C0E6BB7B}"
EndProject
Project("{9A19103F-16F7-4668-BE54-9A1E7A4F7556}") = "StoreBox.Controller", "StoreBox.Controller\StoreBox.Controller.csproj", "{4906C465-1882-4BA8-8434-0B28A2CD5075}"
EndProject
Project("{9A19103F-16F7-4668-BE54-9A1E7A4F7556}") = "StoreBox.Service", "StoreBox.Service\StoreBox.Service.csproj", "{D6B47B6A-8C2B-43CF-9449-3EC3198D43AB}"
EndProject
Project("{9A19103F-16F7-4668-BE54-9A1E7A4F7556}") = "StoreBox.Repository", "StoreBox.Repository\StoreBox.Repository.csproj", "{959F358A-E7E3-4780-8561-872CB935C410}"
EndProject
Project("{9A19103F-16F7-4668-BE54-9A1E7A4F7556}") = "StoreBox.Entities", "StoreBox.Entities\StoreBox.Entities.csproj", "{D21709C1-5C85-4FA4-8E03-0FE48C46B7EA}"
EndProject
Project("{9A19103F-16F7-4668-BE54-9A1E7A4F7556}") = "StoreBox.Config", "StoreBox.Config\StoreBox.Config.csproj", "{F4E0162C-01E6-42AF-AAD1-169DC1175E39}"
EndProject
Project("{54A90642-561A-4BB1-A94E-469ADEE60C69}") = "AngularStoreBox", "AngularStoreBox\AngularStoreBox.esproj", "{09A72610-59B1-4720-BF96-61421A3657AD}"
EndProject
Project("{E53339B2-1760-4266-BCC7-CA923CBCF16C}") = "docker-compose", "docker-compose.dcproj", "{96312A03-3DD5-4718-8FF1-2E761622C4AD}"
EndProject
Global
	GlobalSection(SolutionConfigurationPlatforms) = preSolution
		Debug|Any CPU = Debug|Any CPU
		Release|Any CPU = Release|Any CPU
	EndGlobalSection
	GlobalSection(ProjectConfigurationPlatforms) = postSolution
		{72A67B70-8C93-41E5-9AEA-0AD2DCBA9BB0}.Debug|Any CPU.ActiveCfg = Debug|Any CPU
		{72A67B70-8C93-41E5-9AEA-0AD2DCBA9BB0}.Debug|Any CPU.Build.0 = Debug|Any CPU
		{72A67B70-8C93-41E5-9AEA-0AD2DCBA9BB0}.Release|Any CPU.ActiveCfg = Release|Any CPU
		{72A67B70-8C93-41E5-9AEA-0AD2DCBA9BB0}.Release|Any CPU.Build.0 = Release|Any CPU
		{D66B8D84-E445-4B7A-8943-A280C0E6BB7B}.Debug|Any CPU.ActiveCfg = Debug|Any CPU
		{D66B8D84-E445-4B7A-8943-A280C0E6BB7B}.Debug|Any CPU.Build.0 = Debug|Any CPU
		{D66B8D84-E445-4B7A-8943-A280C0E6BB7B}.Release|Any CPU.ActiveCfg = Release|Any CPU
		{D66B8D84-E445-4B7A-8943-A280C0E6BB7B}.Release|Any CPU.Build.0 = Release|Any CPU
		{4906C465-1882-4BA8-8434-0B28A2CD5075}.Debug|Any CPU.ActiveCfg = Debug|Any CPU
		{4906C465-1882-4BA8-8434-0B28A2CD5075}.Debug|Any CPU.Build.0 = Debug|Any CPU
		{4906C465-1882-4BA8-8434-0B28A2CD5075}.Release|Any CPU.ActiveCfg = Release|Any CPU
		{4906C465-1882-4BA8-8434-0B28A2CD5075}.Release|Any CPU.Build.0 = Release|Any CPU
		{D6B47B6A-8C2B-43CF-9449-3EC3198D43AB}.Debug|Any CPU.ActiveCfg = Debug|Any CPU
		{D6B47B6A-8C2B-43CF-9449-3EC3198D43AB}.Debug|Any CPU.Build.0 = Debug|Any CPU
		{D6B47B6A-8C2B-43CF-9449-3EC3198D43AB}.Release|Any CPU.ActiveCfg = Release|Any CPU
		{D6B47B6A-8C2B-43CF-9449-3EC3198D43AB}.Release|Any CPU.Build.0 = Release|Any CPU
		{959F358A-E7E3-4780-8561-872CB935C410}.Debug|Any CPU.ActiveCfg = Debug|Any CPU
		{959F358A-E7E3-4780-8561-872CB935C410}.Debug|Any CPU.Build.0 = Debug|Any CPU
		{959F358A-E7E3-4780-8561-872CB935C410}.Release|Any CPU.ActiveCfg = Release|Any CPU
		{959F358A-E7E3-4780-8561-872CB935C410}.Release|Any CPU.Build.0 = Release|Any CPU
		{D21709C1-5C85-4FA4-8E03-0FE48C46B7EA}.Debug|Any CPU.ActiveCfg = Debug|Any CPU
		{D21709C1-5C85-4FA4-8E03-0FE48C46B7EA}.Debug|Any CPU.Build.0 = Debug|Any CPU
		{D21709C1-5C85-4FA4-8E03-0FE48C46B7EA}.Release|Any CPU.ActiveCfg = Release|Any CPU
		{D21709C1-5C85-4FA4-8E03-0FE48C46B7EA}.Release|Any CPU.Build.0 = Release|Any CPU
		{F4E0162C-01E6-42AF-AAD1-169DC1175E39}.Debug|Any CPU.ActiveCfg = Debug|Any CPU
		{F4E0162C-01E6-42AF-AAD1-169DC1175E39}.Debug|Any CPU.Build.0 = Debug|Any CPU
		{F4E0162C-01E6-42AF-AAD1-169DC1175E39}.Release|Any CPU.ActiveCfg = Release|Any CPU
		{F4E0162C-01E6-42AF-AAD1-169DC1175E39}.Release|Any CPU.Build.0 = Release|Any CPU
		{09A72610-59B1-4720-BF96-61421A3657AD}.Debug|Any CPU.ActiveCfg = Debug|Any CPU
		{09A72610-59B1-4720-BF96-61421A3657AD}.Debug|Any CPU.Build.0 = Debug|Any CPU
		{09A72610-59B1-4720-BF96-61421A3657AD}.Debug|Any CPU.Deploy.0 = Debug|Any CPU
		{09A72610-59B1-4720-BF96-61421A3657AD}.Release|Any CPU.ActiveCfg = Release|Any CPU
		{09A72610-59B1-4720-BF96-61421A3657AD}.Release|Any CPU.Build.0 = Release|Any CPU
		{09A72610-59B1-4720-BF96-61421A3657AD}.Release|Any CPU.Deploy.0 = Release|Any CPU
		{96312A03-3DD5-4718-8FF1-2E761622C4AD}.Debug|Any CPU.ActiveCfg = Debug|Any CPU
		{96312A03-3DD5-4718-8FF1-2E761622C4AD}.Debug|Any CPU.Build.0 = Debug|Any CPU
		{96312A03-3DD5-4718-8FF1-2E761622C4AD}.Release|Any CPU.ActiveCfg = Release|Any CPU
		{96312A03-3DD5-4718-8FF1-2E761622C4AD}.Release|Any CPU.Build.0 = Release|Any CPU
	EndGlobalSection
	GlobalSection(SolutionProperties) = preSolution
		HideSolutionNode = FALSE
	EndGlobalSection
	GlobalSection(ExtensibilityGlobals) = postSolution
		SolutionGuid = {2F8524F2-4DC8-4995-8734-19288AE7B2FF}
	EndGlobalSection
EndGlobal
