
Microsoft Visual Studio Solution File, Format Version 12.00
# Visual Studio Version 16
VisualStudioVersion = 16.0.31911.196
MinimumVisualStudioVersion = 10.0.40219.1
Project("{FAE04EC0-301F-11D3-BF4B-00C04F79EFBC}") = "StoreBox", "StoreBox\StoreBox.csproj", "{37C04F5C-F215-43A5-AEAB-D7EAD3E0EF3C}"
EndProject
Project("{FAE04EC0-301F-11D3-BF4B-00C04F79EFBC}") = "StoreBox.Repository", "StoreBox.Repository\StoreBox.Repository.csproj", "{55762BAE-52B9-4C00-8C4F-5DFE20DF24EA}"
EndProject
Global
	GlobalSection(SolutionConfigurationPlatforms) = preSolution
		Debug|Any CPU = Debug|Any CPU
		Release|Any CPU = Release|Any CPU
	EndGlobalSection
	GlobalSection(ProjectConfigurationPlatforms) = postSolution
		{37C04F5C-F215-43A5-AEAB-D7EAD3E0EF3C}.Debug|Any CPU.ActiveCfg = Debug|Any CPU
		{37C04F5C-F215-43A5-AEAB-D7EAD3E0EF3C}.Debug|Any CPU.Build.0 = Debug|Any CPU
		{37C04F5C-F215-43A5-AEAB-D7EAD3E0EF3C}.Release|Any CPU.ActiveCfg = Release|Any CPU
		{37C04F5C-F215-43A5-AEAB-D7EAD3E0EF3C}.Release|Any CPU.Build.0 = Release|Any CPU
		{55762BAE-52B9-4C00-8C4F-5DFE20DF24EA}.Debug|Any CPU.ActiveCfg = Debug|Any CPU
		{55762BAE-52B9-4C00-8C4F-5DFE20DF24EA}.Debug|Any CPU.Build.0 = Debug|Any CPU
		{55762BAE-52B9-4C00-8C4F-5DFE20DF24EA}.Release|Any CPU.ActiveCfg = Release|Any CPU
		{55762BAE-52B9-4C00-8C4F-5DFE20DF24EA}.Release|Any CPU.Build.0 = Release|Any CPU
	EndGlobalSection
	GlobalSection(SolutionProperties) = preSolution
		HideSolutionNode = FALSE
	EndGlobalSection
	GlobalSection(ExtensibilityGlobals) = postSolution
		SolutionGuid = {0431055C-5086-4ECB-9D2D-1261F3084E67}
	EndGlobalSection
EndGlobal
